
Microsoft Visual Studio Solution File, Format Version 12.00
# Visual Studio Version 17
VisualStudioVersion = 17.0.31903.59
MinimumVisualStudioVersion = 10.0.40219.1
Project("{FAE04EC0-301F-11D3-BF4B-00C04F79EFBC}") = "Core", "Core\Core.csproj", "{318B1B6B-8825-4432-AC0B-9EEA63EBA4FC}"
EndProject
Project("{FAE04EC0-301F-11D3-BF4B-00C04F79EFBC}") = "Chess", "Chess\Chess.csproj", "{B6435D97-3039-4898-97D5-F69D374809C3}"
EndProject
Project("{FAE04EC0-301F-11D3-BF4B-00C04F79EFBC}") = "MainConsole", "MainConsole\MainConsole.csproj", "{3F12577E-4DC8-4738-84B3-9AD96D967F52}"
EndProject
Global
	GlobalSection(SolutionConfigurationPlatforms) = preSolution
		Debug|Any CPU = Debug|Any CPU
		Release|Any CPU = Release|Any CPU
	EndGlobalSection
	GlobalSection(SolutionProperties) = preSolution
		HideSolutionNode = FALSE
	EndGlobalSection
	GlobalSection(ProjectConfigurationPlatforms) = postSolution
		{318B1B6B-8825-4432-AC0B-9EEA63EBA4FC}.Debug|Any CPU.ActiveCfg = Debug|Any CPU
		{318B1B6B-8825-4432-AC0B-9EEA63EBA4FC}.Debug|Any CPU.Build.0 = Debug|Any CPU
		{318B1B6B-8825-4432-AC0B-9EEA63EBA4FC}.Release|Any CPU.ActiveCfg = Release|Any CPU
		{318B1B6B-8825-4432-AC0B-9EEA63EBA4FC}.Release|Any CPU.Build.0 = Release|Any CPU
		{B6435D97-3039-4898-97D5-F69D374809C3}.Debug|Any CPU.ActiveCfg = Debug|Any CPU
		{B6435D97-3039-4898-97D5-F69D374809C3}.Debug|Any CPU.Build.0 = Debug|Any CPU
		{B6435D97-3039-4898-97D5-F69D374809C3}.Release|Any CPU.ActiveCfg = Release|Any CPU
		{B6435D97-3039-4898-97D5-F69D374809C3}.Release|Any CPU.Build.0 = Release|Any CPU
		{3F12577E-4DC8-4738-84B3-9AD96D967F52}.Debug|Any CPU.ActiveCfg = Debug|Any CPU
		{3F12577E-4DC8-4738-84B3-9AD96D967F52}.Debug|Any CPU.Build.0 = Debug|Any CPU
		{3F12577E-4DC8-4738-84B3-9AD96D967F52}.Release|Any CPU.ActiveCfg = Release|Any CPU
		{3F12577E-4DC8-4738-84B3-9AD96D967F52}.Release|Any CPU.Build.0 = Release|Any CPU
	EndGlobalSection
EndGlobal
